
Microsoft Visual Studio Solution File, Format Version 12.00
# Visual Studio Version 16
VisualStudioVersion = 16.0.809.10
MinimumVisualStudioVersion = 10.0.40219.1
Project("{FAE04EC0-301F-11D3-BF4B-00C04F79EFBC}") = "CrosswordG", "CrosswordG\CrosswordG.csproj", "{E7FDD6D6-CCC0-46AF-A554-5A6F39928897}"
EndProject
Global
	GlobalSection(SolutionConfigurationPlatforms) = preSolution
		Debug|anycpu = Debug|anycpu
		Release|anycpu = Release|anycpu
	EndGlobalSection
	GlobalSection(ProjectConfigurationPlatforms) = postSolution
		{E7FDD6D6-CCC0-46AF-A554-5A6F39928897}.Debug|anycpu.ActiveCfg = Debug|anycpu
		{E7FDD6D6-CCC0-46AF-A554-5A6F39928897}.Debug|anycpu.Build.0 = Debug|anycpu
		{E7FDD6D6-CCC0-46AF-A554-5A6F39928897}.Release|anycpu.ActiveCfg = Release|anycpu
		{E7FDD6D6-CCC0-46AF-A554-5A6F39928897}.Release|anycpu.Build.0 = Release|anycpu
	EndGlobalSection
	GlobalSection(SolutionProperties) = preSolution
		HideSolutionNode = FALSE
	EndGlobalSection
	GlobalSection(ExtensibilityGlobals) = postSolution
		SolutionGuid = {27BB7EB1-A525-4716-9E55-7A1961FE0F6A}
	EndGlobalSection
EndGlobal
